// !$*UTF8*$!
{
	archiveVersion = 1;
	classes = {
	};
	objectVersion = 56;
	objects = {

/* Begin PBXBuildFile section */
		6710658728DDD1BA0059D27A /* OneTapSwiftUIApp-InfoPlist.strings in Resources */ = {isa = PBXBuildFile; fileRef = 6710658928DDD1BA0059D27A /* OneTapSwiftUIApp-InfoPlist.strings */; };
		6710658D28DDD24E0059D27A /* Localizable.strings in Resources */ = {isa = PBXBuildFile; fileRef = 6710658F28DDD24E0059D27A /* Localizable.strings */; };
		674CA9F828DB73C90058DF03 /* SwiftUITapsPackage in Frameworks */ = {isa = PBXBuildFile; productRef = 674CA9F728DB73C90058DF03 /* SwiftUITapsPackage */; };
		676D435128DB5B940038E8A9 /* OneTapSwiftUIAppApp.swift in Sources */ = {isa = PBXBuildFile; fileRef = 676D435028DB5B940038E8A9 /* OneTapSwiftUIAppApp.swift */; };
		676D435328DB5B940038E8A9 /* ContentView.swift in Sources */ = {isa = PBXBuildFile; fileRef = 676D435228DB5B940038E8A9 /* ContentView.swift */; };
		676D435528DB5B940038E8A9 /* Assets.xcassets in Resources */ = {isa = PBXBuildFile; fileRef = 676D435428DB5B940038E8A9 /* Assets.xcassets */; };
		676D435828DB5B940038E8A9 /* Preview Assets.xcassets in Resources */ = {isa = PBXBuildFile; fileRef = 676D435728DB5B940038E8A9 /* Preview Assets.xcassets */; };
/* End PBXBuildFile section */

/* Begin PBXFileReference section */
		6710658828DDD1BA0059D27A /* en */ = {isa = PBXFileReference; lastKnownFileType = text.plist.strings; name = en; path = "en.lproj/OneTapSwiftUIApp-InfoPlist.strings"; sourceTree = "<group>"; };
		6710658A28DDD1C00059D27A /* zh-Hans */ = {isa = PBXFileReference; lastKnownFileType = text.plist.strings; name = "zh-Hans"; path = "zh-Hans.lproj/OneTapSwiftUIApp-InfoPlist.strings"; sourceTree = "<group>"; };
		6710658E28DDD24E0059D27A /* en */ = {isa = PBXFileReference; lastKnownFileType = text.plist.strings; name = en; path = en.lproj/Localizable.strings; sourceTree = "<group>"; };
		6710659028DDD2530059D27A /* zh-Hans */ = {isa = PBXFileReference; lastKnownFileType = text.plist.strings; name = "zh-Hans"; path = "zh-Hans.lproj/Localizable.strings"; sourceTree = "<group>"; };
		674CA9F628DB73A60058DF03 /* SwiftUITapsPackage */ = {isa = PBXFileReference; lastKnownFileType = wrapper; name = SwiftUITapsPackage; path = ../../SwiftUITapsPackage; sourceTree = "<group>"; };
		676D434D28DB5B940038E8A9 /* OneTapSwiftUIApp.app */ = {isa = PBXFileReference; explicitFileType = wrapper.application; includeInIndex = 0; path = OneTapSwiftUIApp.app; sourceTree = BUILT_PRODUCTS_DIR; };
		676D435028DB5B940038E8A9 /* OneTapSwiftUIAppApp.swift */ = {isa = PBXFileReference; lastKnownFileType = sourcecode.swift; path = OneTapSwiftUIAppApp.swift; sourceTree = "<group>"; };
		676D435228DB5B940038E8A9 /* ContentView.swift */ = {isa = PBXFileReference; lastKnownFileType = sourcecode.swift; path = ContentView.swift; sourceTree = "<group>"; };
		676D435428DB5B940038E8A9 /* Assets.xcassets */ = {isa = PBXFileReference; lastKnownFileType = folder.assetcatalog; path = Assets.xcassets; sourceTree = "<group>"; };
		676D435728DB5B940038E8A9 /* Preview Assets.xcassets */ = {isa = PBXFileReference; lastKnownFileType = folder.assetcatalog; path = "Preview Assets.xcassets"; sourceTree = "<group>"; };
/* End PBXFileReference section */

/* Begin PBXFrameworksBuildPhase section */
		676D434A28DB5B940038E8A9 /* Frameworks */ = {
			isa = PBXFrameworksBuildPhase;
			buildActionMask = 2147483647;
			files = (
				674CA9F828DB73C90058DF03 /* SwiftUITapsPackage in Frameworks */,
			);
			runOnlyForDeploymentPostprocessing = 0;
		};
/* End PBXFrameworksBuildPhase section */

/* Begin PBXGroup section */
		6710658428DDD1A00059D27A /* Resources */ = {
			isa = PBXGroup;
			children = (
				6710658F28DDD24E0059D27A /* Localizable.strings */,
				6710658928DDD1BA0059D27A /* OneTapSwiftUIApp-InfoPlist.strings */,
			);
			path = Resources;
			sourceTree = "<group>";
		};
		674CA9F128DB70D30058DF03 /* Frameworks */ = {
			isa = PBXGroup;
			children = (
			);
			name = Frameworks;
			sourceTree = "<group>";
		};
		674CA9F528DB73A60058DF03 /* Packages */ = {
			isa = PBXGroup;
			children = (
				674CA9F628DB73A60058DF03 /* SwiftUITapsPackage */,
			);
			name = Packages;
			sourceTree = "<group>";
		};
		676D434428DB5B940038E8A9 = {
			isa = PBXGroup;
			children = (
				674CA9F528DB73A60058DF03 /* Packages */,
				676D434F28DB5B940038E8A9 /* OneTapSwiftUIApp */,
				676D434E28DB5B940038E8A9 /* Products */,
				674CA9F128DB70D30058DF03 /* Frameworks */,
			);
			sourceTree = "<group>";
		};
		676D434E28DB5B940038E8A9 /* Products */ = {
			isa = PBXGroup;
			children = (
				676D434D28DB5B940038E8A9 /* OneTapSwiftUIApp.app */,
			);
			name = Products;
			sourceTree = "<group>";
		};
		676D434F28DB5B940038E8A9 /* OneTapSwiftUIApp */ = {
			isa = PBXGroup;
			children = (
				6710658428DDD1A00059D27A /* Resources */,
				676D435028DB5B940038E8A9 /* OneTapSwiftUIAppApp.swift */,
				676D435228DB5B940038E8A9 /* ContentView.swift */,
				676D435428DB5B940038E8A9 /* Assets.xcassets */,
				676D435628DB5B940038E8A9 /* Preview Content */,
			);
			path = OneTapSwiftUIApp;
			sourceTree = "<group>";
		};
		676D435628DB5B940038E8A9 /* Preview Content */ = {
			isa = PBXGroup;
			children = (
				676D435728DB5B940038E8A9 /* Preview Assets.xcassets */,
			);
			path = "Preview Content";
			sourceTree = "<group>";
		};
/* End PBXGroup section */

/* Begin PBXNativeTarget section */
		676D434C28DB5B940038E8A9 /* OneTapSwiftUIApp */ = {
			isa = PBXNativeTarget;
			buildConfigurationList = 676D435B28DB5B940038E8A9 /* Build configuration list for PBXNativeTarget "OneTapSwiftUIApp" */;
			buildPhases = (
				676D434928DB5B940038E8A9 /* Sources */,
				676D434A28DB5B940038E8A9 /* Frameworks */,
				676D434B28DB5B940038E8A9 /* Resources */,
			);
			buildRules = (
			);
			dependencies = (
			);
			name = OneTapSwiftUIApp;
			packageProductDependencies = (
				674CA9F728DB73C90058DF03 /* SwiftUITapsPackage */,
			);
			productName = OneTapSwiftUIApp;
			productReference = 676D434D28DB5B940038E8A9 /* OneTapSwiftUIApp.app */;
			productType = "com.apple.product-type.application";
		};
/* End PBXNativeTarget section */

/* Begin PBXProject section */
		676D434528DB5B940038E8A9 /* Project object */ = {
			isa = PBXProject;
			attributes = {
				BuildIndependentTargetsInParallel = 1;
				LastSwiftUpdateCheck = 1400;
				LastUpgradeCheck = 1400;
				TargetAttributes = {
					676D434C28DB5B940038E8A9 = {
						CreatedOnToolsVersion = 14.0;
					};
				};
			};
			buildConfigurationList = 676D434828DB5B940038E8A9 /* Build configuration list for PBXProject "OneTapSwiftUIApp" */;
			compatibilityVersion = "Xcode 14.0";
			developmentRegion = en;
			hasScannedForEncodings = 0;
			knownRegions = (
				en,
				Base,
				"zh-Hans",
			);
			mainGroup = 676D434428DB5B940038E8A9;
			productRefGroup = 676D434E28DB5B940038E8A9 /* Products */;
			projectDirPath = "";
			projectRoot = "";
			targets = (
				676D434C28DB5B940038E8A9 /* OneTapSwiftUIApp */,
			);
		};
/* End PBXProject section */

/* Begin PBXResourcesBuildPhase section */
		676D434B28DB5B940038E8A9 /* Resources */ = {
			isa = PBXResourcesBuildPhase;
			buildActionMask = 2147483647;
			files = (
				6710658728DDD1BA0059D27A /* OneTapSwiftUIApp-InfoPlist.strings in Resources */,
				6710658D28DDD24E0059D27A /* Localizable.strings in Resources */,
				676D435828DB5B940038E8A9 /* Preview Assets.xcassets in Resources */,
				676D435528DB5B940038E8A9 /* Assets.xcassets in Resources */,
			);
			runOnlyForDeploymentPostprocessing = 0;
		};
/* End PBXResourcesBuildPhase section */

/* Begin PBXSourcesBuildPhase section */
		676D434928DB5B940038E8A9 /* Sources */ = {
			isa = PBXSourcesBuildPhase;
			buildActionMask = 2147483647;
			files = (
				676D435328DB5B940038E8A9 /* ContentView.swift in Sources */,
				676D435128DB5B940038E8A9 /* OneTapSwiftUIAppApp.swift in Sources */,
			);
			runOnlyForDeploymentPostprocessing = 0;
		};
/* End PBXSourcesBuildPhase section */

/* Begin PBXVariantGroup section */
		6710658928DDD1BA0059D27A /* OneTapSwiftUIApp-InfoPlist.strings */ = {
			isa = PBXVariantGroup;
			children = (
				6710658828DDD1BA0059D27A /* en */,
				6710658A28DDD1C00059D27A /* zh-Hans */,
			);
			name = "OneTapSwiftUIApp-InfoPlist.strings";
			sourceTree = "<group>";
		};
		6710658F28DDD24E0059D27A /* Localizable.strings */ = {
			isa = PBXVariantGroup;
			children = (
				6710658E28DDD24E0059D27A /* en */,
				6710659028DDD2530059D27A /* zh-Hans */,
			);
			name = Localizable.strings;
			sourceTree = "<group>";
		};
/* End PBXVariantGroup section */

/* Begin XCBuildConfiguration section */
		676D435928DB5B940038E8A9 /* Debug */ = {
			isa = XCBuildConfiguration;
			buildSettings = {
				ALWAYS_SEARCH_USER_PATHS = NO;
				CLANG_ANALYZER_NONNULL = YES;
				CLANG_ANALYZER_NUMBER_OBJECT_CONVERSION = YES_AGGRESSIVE;
				CLANG_CXX_LANGUAGE_STANDARD = "gnu++20";
				CLANG_ENABLE_MODULES = YES;
				CLANG_ENABLE_OBJC_ARC = YES;
				CLANG_ENABLE_OBJC_WEAK = YES;
				CLANG_WARN_BLOCK_CAPTURE_AUTORELEASING = YES;
				CLANG_WARN_BOOL_CONVERSION = YES;
				CLANG_WARN_COMMA = YES;
				CLANG_WARN_CONSTANT_CONVERSION = YES;
				CLANG_WARN_DEPRECATED_OBJC_IMPLEMENTATIONS = YES;
				CLANG_WARN_DIRECT_OBJC_ISA_USAGE = YES_ERROR;
				CLANG_WARN_DOCUMENTATION_COMMENTS = YES;
				CLANG_WARN_EMPTY_BODY = YES;
				CLANG_WARN_ENUM_CONVERSION = YES;
				CLANG_WARN_INFINITE_RECURSION = YES;
				CLANG_WARN_INT_CONVERSION = YES;
				CLANG_WARN_NON_LITERAL_NULL_CONVERSION = YES;
				CLANG_WARN_OBJC_IMPLICIT_RETAIN_SELF = YES;
				CLANG_WARN_OBJC_LITERAL_CONVERSION = YES;
				CLANG_WARN_OBJC_ROOT_CLASS = YES_ERROR;
				CLANG_WARN_QUOTED_INCLUDE_IN_FRAMEWORK_HEADER = YES;
				CLANG_WARN_RANGE_LOOP_ANALYSIS = YES;
				CLANG_WARN_STRICT_PROTOTYPES = YES;
				CLANG_WARN_SUSPICIOUS_MOVE = YES;
				CLANG_WARN_UNGUARDED_AVAILABILITY = YES_AGGRESSIVE;
				CLANG_WARN_UNREACHABLE_CODE = YES;
				CLANG_WARN__DUPLICATE_METHOD_MATCH = YES;
				COPY_PHASE_STRIP = NO;
				DEBUG_INFORMATION_FORMAT = dwarf;
				ENABLE_STRICT_OBJC_MSGSEND = YES;
				ENABLE_TESTABILITY = YES;
				GCC_C_LANGUAGE_STANDARD = gnu11;
				GCC_DYNAMIC_NO_PIC = NO;
				GCC_NO_COMMON_BLOCKS = YES;
				GCC_OPTIMIZATION_LEVEL = 0;
				GCC_PREPROCESSOR_DEFINITIONS = (
					"DEBUG=1",
					"$(inherited)",
				);
				GCC_WARN_64_TO_32_BIT_CONVERSION = YES;
				GCC_WARN_ABOUT_RETURN_TYPE = YES_ERROR;
				GCC_WARN_UNDECLARED_SELECTOR = YES;
				GCC_WARN_UNINITIALIZED_AUTOS = YES_AGGRESSIVE;
				GCC_WARN_UNUSED_FUNCTION = YES;
				GCC_WARN_UNUSED_VARIABLE = YES;
				IPHONEOS_DEPLOYMENT_TARGET = 15.2;
				MTL_ENABLE_DEBUG_INFO = INCLUDE_SOURCE;
				MTL_FAST_MATH = YES;
				ONLY_ACTIVE_ARCH = YES;
				SDKROOT = iphoneos;
				SWIFT_ACTIVE_COMPILATION_CONDITIONS = DEBUG;
				SWIFT_OPTIMIZATION_LEVEL = "-Onone";
			};
			name = Debug;
		};
		676D435A28DB5B940038E8A9 /* Release */ = {
			isa = XCBuildConfiguration;
			buildSettings = {
				ALWAYS_SEARCH_USER_PATHS = NO;
				CLANG_ANALYZER_NONNULL = YES;
				CLANG_ANALYZER_NUMBER_OBJECT_CONVERSION = YES_AGGRESSIVE;
				CLANG_CXX_LANGUAGE_STANDARD = "gnu++20";
				CLANG_ENABLE_MODULES = YES;
				CLANG_ENABLE_OBJC_ARC = YES;
				CLANG_ENABLE_OBJC_WEAK = YES;
				CLANG_WARN_BLOCK_CAPTURE_AUTORELEASING = YES;
				CLANG_WARN_BOOL_CONVERSION = YES;
				CLANG_WARN_COMMA = YES;
				CLANG_WARN_CONSTANT_CONVERSION = YES;
				CLANG_WARN_DEPRECATED_OBJC_IMPLEMENTATIONS = YES;
				CLANG_WARN_DIRECT_OBJC_ISA_USAGE = YES_ERROR;
				CLANG_WARN_DOCUMENTATION_COMMENTS = YES;
				CLANG_WARN_EMPTY_BODY = YES;
				CLANG_WARN_ENUM_CONVERSION = YES;
				CLANG_WARN_INFINITE_RECURSION = YES;
				CLANG_WARN_INT_CONVERSION = YES;
				CLANG_WARN_NON_LITERAL_NULL_CONVERSION = YES;
				CLANG_WARN_OBJC_IMPLICIT_RETAIN_SELF = YES;
				CLANG_WARN_OBJC_LITERAL_CONVERSION = YES;
				CLANG_WARN_OBJC_ROOT_CLASS = YES_ERROR;
				CLANG_WARN_QUOTED_INCLUDE_IN_FRAMEWORK_HEADER = YES;
				CLANG_WARN_RANGE_LOOP_ANALYSIS = YES;
				CLANG_WARN_STRICT_PROTOTYPES = YES;
				CLANG_WARN_SUSPICIOUS_MOVE = YES;
				CLANG_WARN_UNGUARDED_AVAILABILITY = YES_AGGRESSIVE;
				CLANG_WARN_UNREACHABLE_CODE = YES;
				CLANG_WARN__DUPLICATE_METHOD_MATCH = YES;
				COPY_PHASE_STRIP = NO;
				DEBUG_INFORMATION_FORMAT = "dwarf-with-dsym";
				ENABLE_NS_ASSERTIONS = NO;
				ENABLE_STRICT_OBJC_MSGSEND = YES;
				GCC_C_LANGUAGE_STANDARD = gnu11;
				GCC_NO_COMMON_BLOCKS = YES;
				GCC_WARN_64_TO_32_BIT_CONVERSION = YES;
				GCC_WARN_ABOUT_RETURN_TYPE = YES_ERROR;
				GCC_WARN_UNDECLARED_SELECTOR = YES;
				GCC_WARN_UNINITIALIZED_AUTOS = YES_AGGRESSIVE;
				GCC_WARN_UNUSED_FUNCTION = YES;
				GCC_WARN_UNUSED_VARIABLE = YES;
				IPHONEOS_DEPLOYMENT_TARGET = 15.2;
				MTL_ENABLE_DEBUG_INFO = NO;
				MTL_FAST_MATH = YES;
				SDKROOT = iphoneos;
				SWIFT_COMPILATION_MODE = wholemodule;
				SWIFT_OPTIMIZATION_LEVEL = "-O";
				VALIDATE_PRODUCT = YES;
			};
			name = Release;
		};
		676D435C28DB5B940038E8A9 /* Debug */ = {
			isa = XCBuildConfiguration;
			buildSettings = {
				ASSETCATALOG_COMPILER_APPICON_NAME = AppIcon;
				ASSETCATALOG_COMPILER_GLOBAL_ACCENT_COLOR_NAME = AccentColor;
				CODE_SIGN_STYLE = Automatic;
				CURRENT_PROJECT_VERSION = 1;
				DEVELOPMENT_ASSET_PATHS = "\"OneTapSwiftUIApp/Preview Content\"";
				DEVELOPMENT_TEAM = T4W3MN6QHA;
				ENABLE_PREVIEWS = YES;
				GENERATE_INFOPLIST_FILE = YES;
				INFOPLIST_KEY_CFBundleDisplayName = "One Tap SwiftUI";
				INFOPLIST_KEY_LSApplicationCategoryType = "public.app-category.developer-tools";
				INFOPLIST_KEY_UIApplicationSceneManifest_Generation = YES;
				INFOPLIST_KEY_UIApplicationSupportsIndirectInputEvents = YES;
				INFOPLIST_KEY_UILaunchScreen_Generation = YES;
				INFOPLIST_KEY_UISupportedInterfaceOrientations_iPad = "UIInterfaceOrientationPortrait UIInterfaceOrientationPortraitUpsideDown UIInterfaceOrientationLandscapeLeft UIInterfaceOrientationLandscapeRight";
				INFOPLIST_KEY_UISupportedInterfaceOrientations_iPhone = "UIInterfaceOrientationPortrait UIInterfaceOrientationLandscapeLeft UIInterfaceOrientationLandscapeRight";
				IPHONEOS_DEPLOYMENT_TARGET = 15.2;
				LD_RUNPATH_SEARCH_PATHS = (
					"$(inherited)",
					"@executable_path/Frameworks",
				);
				MARKETING_VERSION = 1.0;
				PRODUCT_BUNDLE_IDENTIFIER = one.hdcola.onetapswiftui;
				PRODUCT_NAME = "$(TARGET_NAME)";
				SWIFT_EMIT_LOC_STRINGS = YES;
				SWIFT_VERSION = 5.0;
				TARGETED_DEVICE_FAMILY = "1,2";
			};
			name = Debug;
		};
		676D435D28DB5B940038E8A9 /* Release */ = {
			isa = XCBuildConfiguration;
			buildSettings = {
				ASSETCATALOG_COMPILER_APPICON_NAME = AppIcon;
				ASSETCATALOG_COMPILER_GLOBAL_ACCENT_COLOR_NAME = AccentColor;
				CODE_SIGN_STYLE = Automatic;
				CURRENT_PROJECT_VERSION = 1;
				DEVELOPMENT_ASSET_PATHS = "\"OneTapSwiftUIApp/Preview Content\"";
				DEVELOPMENT_TEAM = T4W3MN6QHA;
				ENABLE_PREVIEWS = YES;
				GENERATE_INFOPLIST_FILE = YES;
				INFOPLIST_KEY_CFBundleDisplayName = "One Tap SwiftUI";
				INFOPLIST_KEY_LSApplicationCategoryType = "public.app-category.developer-tools";
				INFOPLIST_KEY_UIApplicationSceneManifest_Generation = YES;
				INFOPLIST_KEY_UIApplicationSupportsIndirectInputEvents = YES;
				INFOPLIST_KEY_UILaunchScreen_Generation = YES;
				INFOPLIST_KEY_UISupportedInterfaceOrientations_iPad = "UIInterfaceOrientationPortrait UIInterfaceOrientationPortraitUpsideDown UIInterfaceOrientationLandscapeLeft UIInterfaceOrientationLandscapeRight";
				INFOPLIST_KEY_UISupportedInterfaceOrientations_iPhone = "UIInterfaceOrientationPortrait UIInterfaceOrientationLandscapeLeft UIInterfaceOrientationLandscapeRight";
				IPHONEOS_DEPLOYMENT_TARGET = 15.2;
				LD_RUNPATH_SEARCH_PATHS = (
					"$(inherited)",
					"@executable_path/Frameworks",
				);
				MARKETING_VERSION = 1.0;
				PRODUCT_BUNDLE_IDENTIFIER = one.hdcola.onetapswiftui;
				PRODUCT_NAME = "$(TARGET_NAME)";
				SWIFT_EMIT_LOC_STRINGS = YES;
				SWIFT_VERSION = 5.0;
				TARGETED_DEVICE_FAMILY = "1,2";
			};
			name = Release;
		};
/* End XCBuildConfiguration section */

/* Begin XCConfigurationList section */
		676D434828DB5B940038E8A9 /* Build configuration list for PBXProject "OneTapSwiftUIApp" */ = {
			isa = XCConfigurationList;
			buildConfigurations = (
				676D435928DB5B940038E8A9 /* Debug */,
				676D435A28DB5B940038E8A9 /* Release */,
			);
			defaultConfigurationIsVisible = 0;
			defaultConfigurationName = Release;
		};
		676D435B28DB5B940038E8A9 /* Build configuration list for PBXNativeTarget "OneTapSwiftUIApp" */ = {
			isa = XCConfigurationList;
			buildConfigurations = (
				676D435C28DB5B940038E8A9 /* Debug */,
				676D435D28DB5B940038E8A9 /* Release */,
			);
			defaultConfigurationIsVisible = 0;
			defaultConfigurationName = Release;
		};
/* End XCConfigurationList section */

/* Begin XCSwiftPackageProductDependency section */
		674CA9F728DB73C90058DF03 /* SwiftUITapsPackage */ = {
			isa = XCSwiftPackageProductDependency;
			productName = SwiftUITapsPackage;
		};
/* End XCSwiftPackageProductDependency section */
	};
	rootObject = 676D434528DB5B940038E8A9 /* Project object */;
}
